
Microsoft Visual Studio Solution File, Format Version 12.00
# Visual Studio Version 16
VisualStudioVersion = 16.0.31702.278
MinimumVisualStudioVersion = 10.0.40219.1
Project("{FAE04EC0-301F-11D3-BF4B-00C04F79EFBC}") = "FlightApp.Android", "FlightApp.Android\FlightApp.Android.csproj", "{A3E3453E-3B7C-4455-A1A2-B5E64EDD6046}"
EndProject
Project("{FAE04EC0-301F-11D3-BF4B-00C04F79EFBC}") = "FlightApp.iOS", "FlightApp.iOS\FlightApp.iOS.csproj", "{DF732DD9-CD02-42B5-8491-AA9D0193EB4C}"
EndProject
Project("{FAE04EC0-301F-11D3-BF4B-00C04F79EFBC}") = "FlightApp", "FlightApp\FlightApp.csproj", "{A98693B7-4D0E-422B-AA4B-13ABE6D8006D}"
EndProject
Global
	GlobalSection(SolutionConfigurationPlatforms) = preSolution
		Debug|Any CPU = Debug|Any CPU
		Debug|iPhone = Debug|iPhone
		Debug|iPhoneSimulator = Debug|iPhoneSimulator
		Release|Any CPU = Release|Any CPU
		Release|iPhone = Release|iPhone
		Release|iPhoneSimulator = Release|iPhoneSimulator
	EndGlobalSection
	GlobalSection(ProjectConfigurationPlatforms) = postSolution
		{A3E3453E-3B7C-4455-A1A2-B5E64EDD6046}.Debug|Any CPU.ActiveCfg = Debug|Any CPU
		{A3E3453E-3B7C-4455-A1A2-B5E64EDD6046}.Debug|Any CPU.Build.0 = Debug|Any CPU
		{A3E3453E-3B7C-4455-A1A2-B5E64EDD6046}.Debug|Any CPU.Deploy.0 = Debug|Any CPU
		{A3E3453E-3B7C-4455-A1A2-B5E64EDD6046}.Debug|iPhone.ActiveCfg = Debug|Any CPU
		{A3E3453E-3B7C-4455-A1A2-B5E64EDD6046}.Debug|iPhone.Build.0 = Debug|Any CPU
		{A3E3453E-3B7C-4455-A1A2-B5E64EDD6046}.Debug|iPhone.Deploy.0 = Debug|Any CPU
		{A3E3453E-3B7C-4455-A1A2-B5E64EDD6046}.Debug|iPhoneSimulator.ActiveCfg = Debug|Any CPU
		{A3E3453E-3B7C-4455-A1A2-B5E64EDD6046}.Debug|iPhoneSimulator.Build.0 = Debug|Any CPU
		{A3E3453E-3B7C-4455-A1A2-B5E64EDD6046}.Debug|iPhoneSimulator.Deploy.0 = Debug|Any CPU
		{A3E3453E-3B7C-4455-A1A2-B5E64EDD6046}.Release|Any CPU.ActiveCfg = Release|Any CPU
		{A3E3453E-3B7C-4455-A1A2-B5E64EDD6046}.Release|Any CPU.Build.0 = Release|Any CPU
		{A3E3453E-3B7C-4455-A1A2-B5E64EDD6046}.Release|Any CPU.Deploy.0 = Release|Any CPU
		{A3E3453E-3B7C-4455-A1A2-B5E64EDD6046}.Release|iPhone.ActiveCfg = Release|Any CPU
		{A3E3453E-3B7C-4455-A1A2-B5E64EDD6046}.Release|iPhone.Build.0 = Release|Any CPU
		{A3E3453E-3B7C-4455-A1A2-B5E64EDD6046}.Release|iPhone.Deploy.0 = Release|Any CPU
		{A3E3453E-3B7C-4455-A1A2-B5E64EDD6046}.Release|iPhoneSimulator.ActiveCfg = Release|Any CPU
		{A3E3453E-3B7C-4455-A1A2-B5E64EDD6046}.Release|iPhoneSimulator.Build.0 = Release|Any CPU
		{A3E3453E-3B7C-4455-A1A2-B5E64EDD6046}.Release|iPhoneSimulator.Deploy.0 = Release|Any CPU
		{DF732DD9-CD02-42B5-8491-AA9D0193EB4C}.Debug|Any CPU.ActiveCfg = Debug|iPhone
		{DF732DD9-CD02-42B5-8491-AA9D0193EB4C}.Debug|Any CPU.Build.0 = Debug|iPhone
		{DF732DD9-CD02-42B5-8491-AA9D0193EB4C}.Debug|Any CPU.Deploy.0 = Debug|iPhone
		{DF732DD9-CD02-42B5-8491-AA9D0193EB4C}.Debug|iPhone.ActiveCfg = Debug|iPhone
		{DF732DD9-CD02-42B5-8491-AA9D0193EB4C}.Debug|iPhone.Build.0 = Debug|iPhone
		{DF732DD9-CD02-42B5-8491-AA9D0193EB4C}.Debug|iPhone.Deploy.0 = Debug|iPhone
		{DF732DD9-CD02-42B5-8491-AA9D0193EB4C}.Debug|iPhoneSimulator.ActiveCfg = Debug|iPhoneSimulator
		{DF732DD9-CD02-42B5-8491-AA9D0193EB4C}.Debug|iPhoneSimulator.Build.0 = Debug|iPhoneSimulator
		{DF732DD9-CD02-42B5-8491-AA9D0193EB4C}.Debug|iPhoneSimulator.Deploy.0 = Debug|iPhoneSimulator
		{DF732DD9-CD02-42B5-8491-AA9D0193EB4C}.Release|Any CPU.ActiveCfg = Release|iPhoneSimulator
		{DF732DD9-CD02-42B5-8491-AA9D0193EB4C}.Release|Any CPU.Build.0 = Release|iPhoneSimulator
		{DF732DD9-CD02-42B5-8491-AA9D0193EB4C}.Release|Any CPU.Deploy.0 = Release|iPhoneSimulator
		{DF732DD9-CD02-42B5-8491-AA9D0193EB4C}.Release|iPhone.ActiveCfg = Release|iPhone
		{DF732DD9-CD02-42B5-8491-AA9D0193EB4C}.Release|iPhone.Build.0 = Release|iPhone
		{DF732DD9-CD02-42B5-8491-AA9D0193EB4C}.Release|iPhone.Deploy.0 = Release|iPhone
		{DF732DD9-CD02-42B5-8491-AA9D0193EB4C}.Release|iPhoneSimulator.ActiveCfg = Release|iPhoneSimulator
		{DF732DD9-CD02-42B5-8491-AA9D0193EB4C}.Release|iPhoneSimulator.Build.0 = Release|iPhoneSimulator
		{DF732DD9-CD02-42B5-8491-AA9D0193EB4C}.Release|iPhoneSimulator.Deploy.0 = Release|iPhoneSimulator
		{A98693B7-4D0E-422B-AA4B-13ABE6D8006D}.Debug|Any CPU.ActiveCfg = Debug|Any CPU
		{A98693B7-4D0E-422B-AA4B-13ABE6D8006D}.Debug|Any CPU.Build.0 = Debug|Any CPU
		{A98693B7-4D0E-422B-AA4B-13ABE6D8006D}.Debug|Any CPU.Deploy.0 = Debug|Any CPU
		{A98693B7-4D0E-422B-AA4B-13ABE6D8006D}.Debug|iPhone.ActiveCfg = Debug|Any CPU
		{A98693B7-4D0E-422B-AA4B-13ABE6D8006D}.Debug|iPhone.Build.0 = Debug|Any CPU
		{A98693B7-4D0E-422B-AA4B-13ABE6D8006D}.Debug|iPhone.Deploy.0 = Debug|Any CPU
		{A98693B7-4D0E-422B-AA4B-13ABE6D8006D}.Debug|iPhoneSimulator.ActiveCfg = Debug|Any CPU
		{A98693B7-4D0E-422B-AA4B-13ABE6D8006D}.Debug|iPhoneSimulator.Build.0 = Debug|Any CPU
		{A98693B7-4D0E-422B-AA4B-13ABE6D8006D}.Debug|iPhoneSimulator.Deploy.0 = Debug|Any CPU
		{A98693B7-4D0E-422B-AA4B-13ABE6D8006D}.Release|Any CPU.ActiveCfg = Release|Any CPU
		{A98693B7-4D0E-422B-AA4B-13ABE6D8006D}.Release|Any CPU.Build.0 = Release|Any CPU
		{A98693B7-4D0E-422B-AA4B-13ABE6D8006D}.Release|Any CPU.Deploy.0 = Release|Any CPU
		{A98693B7-4D0E-422B-AA4B-13ABE6D8006D}.Release|iPhone.ActiveCfg = Release|Any CPU
		{A98693B7-4D0E-422B-AA4B-13ABE6D8006D}.Release|iPhone.Build.0 = Release|Any CPU
		{A98693B7-4D0E-422B-AA4B-13ABE6D8006D}.Release|iPhone.Deploy.0 = Release|Any CPU
		{A98693B7-4D0E-422B-AA4B-13ABE6D8006D}.Release|iPhoneSimulator.ActiveCfg = Release|Any CPU
		{A98693B7-4D0E-422B-AA4B-13ABE6D8006D}.Release|iPhoneSimulator.Build.0 = Release|Any CPU
		{A98693B7-4D0E-422B-AA4B-13ABE6D8006D}.Release|iPhoneSimulator.Deploy.0 = Release|Any CPU
	EndGlobalSection
	GlobalSection(SolutionProperties) = preSolution
		HideSolutionNode = FALSE
	EndGlobalSection
	GlobalSection(ExtensibilityGlobals) = postSolution
		SolutionGuid = {3BCF819D-C739-45D4-B5F5-DA2828254EEE}
	EndGlobalSection
EndGlobal
